# This file is automatically @generated by Cargo.
# It is not intended for manual editing.
[[package]]
name = "core_data_structures"
version = "0.1.0"

[[package]]
name = "core_simulation"
version = "0.1.0"
dependencies = [
 "core_data_structures",
 "core_timing",
]

[[package]]
name = "core_timing"
version = "0.1.0"
